# This file is generated by running "yarn install" inside your project.
# Manual changes might be lost - proceed with caution!

__metadata:
  version: 6
  cacheKey: 8

"assemblyscript@npm:^0.20.1":
  version: 0.20.1
  resolution: "assemblyscript@npm:0.20.1"
  dependencies:
    binaryen: 106.0.0-nightly.20220320
    long: ^5.2.0
  bin:
    asc: bin/asc.js
    asinit: bin/asinit.js
  checksum: 8c2ba23857f77678d7c2db215cde2ef58e8007ff6e81afb7fe037d747028977c024345a9cf67bd323efe7be7108c493530f1ce20b037da45fbfe5888dda0e3f4
  languageName: node
  linkType: hard

"binaryen@npm:106.0.0-nightly.20220320":
  version: 106.0.0-nightly.20220320
  resolution: "binaryen@npm:106.0.0-nightly.20220320"
  bin:
    wasm-opt: bin/wasm-opt
    wasm2js: bin/wasm2js
  checksum: f6a48951e5413243e9de453520c9d037538261d47b9b708a5b8ef7ec9160ab5e79c91181da0db8da7f8741452ed46160a32b98baf5a57430fc7d83f90d911b5f
  languageName: node
  linkType: hard

"hello-asm@workspace:.":
  version: 0.0.0-use.local
  resolution: "hello-asm@workspace:."
  dependencies:
    assemblyscript: ^0.20.1
  languageName: unknown
  linkType: soft

"long@npm:^5.2.0":
  version: 5.2.0
  resolution: "long@npm:5.2.0"
  checksum: 37aa4e67b9c3eebc6d9d675adcc9d06f06059ca268922a71273de389746bf07f0ff282f9e604d17fdf84c4149099b44e936ea2b621a6c4759a216621afa97efd
  languageName: node
  linkType: hard
